{
  "version": 4,
  "terraform_version": "1.13.1",
  "serial": 95,
  "lineage": "90b8ea91-b674-d87a-e26e-614c59617533",
  "outputs": {
    "resume_website_distribution": {
      "value": {
        "aliases": null,
        "arn": "arn:aws:cloudfront::620752608815:distribution/E3F9RSSSBISGIK",
        "caller_reference": "terraform-20251114033217831300000001",
        "comment": "Cloud Resume Distribution",
        "continuous_deployment_policy_id": "",
        "custom_error_response": [],
        "default_cache_behavior": [
          {
            "allowed_methods": [
              "GET",
              "HEAD"
            ],
            "cache_policy_id": "",
            "cached_methods": [
              "GET",
              "HEAD"
            ],
            "compress": false,
            "default_ttl": 0,
            "field_level_encryption_id": "",
            "forwarded_values": [
              {
                "cookies": [
                  {
                    "forward": "none",
                    "whitelisted_names": []
                  }
                ],
                "headers": [],
                "query_string": false,
                "query_string_cache_keys": []
              }
            ],
            "function_association": [],
            "grpc_config": [
              {
                "enabled": false
              }
            ],
            "lambda_function_association": [],
            "max_ttl": 0,
            "min_ttl": 0,
            "origin_request_policy_id": "",
            "realtime_log_config_arn": "",
            "response_headers_policy_id": "",
            "smooth_streaming": false,
            "target_origin_id": "myS3Origin",
            "trusted_key_groups": [],
            "trusted_signers": [],
            "viewer_protocol_policy": "allow-all"
          }
        ],
        "default_root_object": "index.html",
        "domain_name": "d1a877jq99wcdu.cloudfront.net",
        "enabled": true,
        "etag": "E1D6E4G0IX4WB0",
        "hosted_zone_id": "Z2FDTNDATAQYW2",
        "http_version": "http2",
        "id": "E3F9RSSSBISGIK",
        "in_progress_validation_batches": 0,
        "is_ipv6_enabled": true,
        "last_modified_time": "2025-11-14 03:32:12.336 +0000 UTC",
        "logging_config": [],
        "ordered_cache_behavior": [],
        "origin": [
          {
            "connection_attempts": 3,
            "connection_timeout": 10,
            "custom_header": [],
            "custom_origin_config": [],
            "domain_name": "static-cloud-resume-website.s3.us-west-1.amazonaws.com",
            "origin_access_control_id": "E14YIRUQ42YRMX",
            "origin_id": "myS3Origin",
            "origin_path": "",
            "origin_shield": [],
            "s3_origin_config": [],
            "vpc_origin_config": []
          }
        ],
        "origin_group": [],
        "price_class": "PriceClass_100",
        "restrictions": [
          {
            "geo_restriction": [
              {
                "locations": [],
                "restriction_type": "none"
              }
            ]
          }
        ],
        "retain_on_delete": false,
        "staging": false,
        "status": "Deployed",
        "tags": null,
        "tags_all": {},
        "trusted_key_groups": [
          {
            "enabled": false,
            "items": []
          }
        ],
        "trusted_signers": [
          {
            "enabled": false,
            "items": []
          }
        ],
        "viewer_certificate": [
          {
            "acm_certificate_arn": "",
            "cloudfront_default_certificate": true,
            "iam_certificate_id": "",
            "minimum_protocol_version": "TLSv1",
            "ssl_support_method": ""
          }
        ],
        "wait_for_deployment": true,
        "web_acl_id": ""
      },
      "type": [
        "object",
        {
          "aliases": [
            "set",
            "string"
          ],
          "arn": "string",
          "caller_reference": "string",
          "comment": "string",
          "continuous_deployment_policy_id": "string",
          "custom_error_response": [
            "set",
            [
              "object",
              {
                "error_caching_min_ttl": "number",
                "error_code": "number",
                "response_code": "number",
                "response_page_path": "string"
              }
            ]
          ],
          "default_cache_behavior": [
            "list",
            [
              "object",
              {
                "allowed_methods": [
                  "set",
                  "string"
                ],
                "cache_policy_id": "string",
                "cached_methods": [
                  "set",
                  "string"
                ],
                "compress": "bool",
                "default_ttl": "number",
                "field_level_encryption_id": "string",
                "forwarded_values": [
                  "list",
                  [
                    "object",
                    {
                      "cookies": [
                        "list",
                        [
                          "object",
                          {
                            "forward": "string",
                            "whitelisted_names": [
                              "set",
                              "string"
                            ]
                          }
                        ]
                      ],
                      "headers": [
                        "set",
                        "string"
                      ],
                      "query_string": "bool",
                      "query_string_cache_keys": [
                        "list",
                        "string"
                      ]
                    }
                  ]
                ],
                "function_association": [
                  "set",
                  [
                    "object",
                    {
                      "event_type": "string",
                      "function_arn": "string"
                    }
                  ]
                ],
                "grpc_config": [
                  "list",
                  [
                    "object",
                    {
                      "enabled": "bool"
                    }
                  ]
                ],
                "lambda_function_association": [
                  "set",
                  [
                    "object",
                    {
                      "event_type": "string",
                      "include_body": "bool",
                      "lambda_arn": "string"
                    }
                  ]
                ],
                "max_ttl": "number",
                "min_ttl": "number",
                "origin_request_policy_id": "string",
                "realtime_log_config_arn": "string",
                "response_headers_policy_id": "string",
                "smooth_streaming": "bool",
                "target_origin_id": "string",
                "trusted_key_groups": [
                  "list",
                  "string"
                ],
                "trusted_signers": [
                  "list",
                  "string"
                ],
                "viewer_protocol_policy": "string"
              }
            ]
          ],
          "default_root_object": "string",
          "domain_name": "string",
          "enabled": "bool",
          "etag": "string",
          "hosted_zone_id": "string",
          "http_version": "string",
          "id": "string",
          "in_progress_validation_batches": "number",
          "is_ipv6_enabled": "bool",
          "last_modified_time": "string",
          "logging_config": [
            "list",
            [
              "object",
              {
                "bucket": "string",
                "include_cookies": "bool",
                "prefix": "string"
              }
            ]
          ],
          "ordered_cache_behavior": [
            "list",
            [
              "object",
              {
                "allowed_methods": [
                  "set",
                  "string"
                ],
                "cache_policy_id": "string",
                "cached_methods": [
                  "set",
                  "string"
                ],
                "compress": "bool",
                "default_ttl": "number",
                "field_level_encryption_id": "string",
                "forwarded_values": [
                  "list",
                  [
                    "object",
                    {
                      "cookies": [
                        "list",
                        [
                          "object",
                          {
                            "forward": "string",
                            "whitelisted_names": [
                              "set",
                              "string"
                            ]
                          }
                        ]
                      ],
                      "headers": [
                        "set",
                        "string"
                      ],
                      "query_string": "bool",
                      "query_string_cache_keys": [
                        "list",
                        "string"
                      ]
                    }
                  ]
                ],
                "function_association": [
                  "set",
                  [
                    "object",
                    {
                      "event_type": "string",
                      "function_arn": "string"
                    }
                  ]
                ],
                "grpc_config": [
                  "list",
                  [
                    "object",
                    {
                      "enabled": "bool"
                    }
                  ]
                ],
                "lambda_function_association": [
                  "set",
                  [
                    "object",
                    {
                      "event_type": "string",
                      "include_body": "bool",
                      "lambda_arn": "string"
                    }
                  ]
                ],
                "max_ttl": "number",
                "min_ttl": "number",
                "origin_request_policy_id": "string",
                "path_pattern": "string",
                "realtime_log_config_arn": "string",
                "response_headers_policy_id": "string",
                "smooth_streaming": "bool",
                "target_origin_id": "string",
                "trusted_key_groups": [
                  "list",
                  "string"
                ],
                "trusted_signers": [
                  "list",
                  "string"
                ],
                "viewer_protocol_policy": "string"
              }
            ]
          ],
          "origin": [
            "set",
            [
              "object",
              {
                "connection_attempts": "number",
                "connection_timeout": "number",
                "custom_header": [
                  "set",
                  [
                    "object",
                    {
                      "name": "string",
                      "value": "string"
                    }
                  ]
                ],
                "custom_origin_config": [
                  "list",
                  [
                    "object",
                    {
                      "http_port": "number",
                      "https_port": "number",
                      "origin_keepalive_timeout": "number",
                      "origin_protocol_policy": "string",
                      "origin_read_timeout": "number",
                      "origin_ssl_protocols": [
                        "set",
                        "string"
                      ]
                    }
                  ]
                ],
                "domain_name": "string",
                "origin_access_control_id": "string",
                "origin_id": "string",
                "origin_path": "string",
                "origin_shield": [
                  "list",
                  [
                    "object",
                    {
                      "enabled": "bool",
                      "origin_shield_region": "string"
                    }
                  ]
                ],
                "s3_origin_config": [
                  "list",
                  [
                    "object",
                    {
                      "origin_access_identity": "string"
                    }
                  ]
                ],
                "vpc_origin_config": [
                  "list",
                  [
                    "object",
                    {
                      "origin_keepalive_timeout": "number",
                      "origin_read_timeout": "number",
                      "vpc_origin_id": "string"
                    }
                  ]
                ]
              }
            ]
          ],
          "origin_group": [
            "set",
            [
              "object",
              {
                "failover_criteria": [
                  "list",
                  [
                    "object",
                    {
                      "status_codes": [
                        "set",
                        "number"
                      ]
                    }
                  ]
                ],
                "member": [
                  "list",
                  [
                    "object",
                    {
                      "origin_id": "string"
                    }
                  ]
                ],
                "origin_id": "string"
              }
            ]
          ],
          "price_class": "string",
          "restrictions": [
            "list",
            [
              "object",
              {
                "geo_restriction": [
                  "list",
                  [
                    "object",
                    {
                      "locations": [
                        "set",
                        "string"
                      ],
                      "restriction_type": "string"
                    }
                  ]
                ]
              }
            ]
          ],
          "retain_on_delete": "bool",
          "staging": "bool",
          "status": "string",
          "tags": [
            "map",
            "string"
          ],
          "tags_all": [
            "map",
            "string"
          ],
          "trusted_key_groups": [
            "list",
            [
              "object",
              {
                "enabled": "bool",
                "items": [
                  "list",
                  [
                    "object",
                    {
                      "key_group_id": "string",
                      "key_pair_ids": [
                        "set",
                        "string"
                      ]
                    }
                  ]
                ]
              }
            ]
          ],
          "trusted_signers": [
            "list",
            [
              "object",
              {
                "enabled": "bool",
                "items": [
                  "list",
                  [
                    "object",
                    {
                      "aws_account_number": "string",
                      "key_pair_ids": [
                        "set",
                        "string"
                      ]
                    }
                  ]
                ]
              }
            ]
          ],
          "viewer_certificate": [
            "list",
            [
              "object",
              {
                "acm_certificate_arn": "string",
                "cloudfront_default_certificate": "bool",
                "iam_certificate_id": "string",
                "minimum_protocol_version": "string",
                "ssl_support_method": "string"
              }
            ]
          ],
          "wait_for_deployment": "bool",
          "web_acl_id": "string"
        }
      ]
    }
  },
  "resources": [
    {
      "mode": "data",
      "type": "aws_iam_policy_document",
      "name": "origin_bucket_policy",
      "provider": "provider[\"registry.terraform.io/hashicorp/aws\"]",
      "instances": [
        {
          "schema_version": 0,
          "attributes": {
            "id": "487829208",
            "json": "{\n  \"Version\": \"2012-10-17\",\n  \"Statement\": [\n    {\n      \"Sid\": \"AllowCloudFrontServicePrincipalReadOnly\",\n      \"Effect\": \"Allow\",\n      \"Action\": \"s3:GetObject\",\n      \"Resource\": \"arn:aws:s3:::static-cloud-resume-website/*\",\n      \"Principal\": {\n        \"Service\": \"cloudfront.amazonaws.com\"\n      },\n      \"Condition\": {\n        \"StringEquals\": {\n          \"AWS:SourceArn\": \"arn:aws:cloudfront::620752608815:distribution/E3F9RSSSBISGIK\"\n        }\n      }\n    }\n  ]\n}",
            "minified_json": "{\"Version\":\"2012-10-17\",\"Statement\":[{\"Sid\":\"AllowCloudFrontServicePrincipalReadOnly\",\"Effect\":\"Allow\",\"Action\":\"s3:GetObject\",\"Resource\":\"arn:aws:s3:::static-cloud-resume-website/*\",\"Principal\":{\"Service\":\"cloudfront.amazonaws.com\"},\"Condition\":{\"StringEquals\":{\"AWS:SourceArn\":\"arn:aws:cloudfront::620752608815:distribution/E3F9RSSSBISGIK\"}}}]}",
            "override_json": null,
            "override_policy_documents": null,
            "policy_id": null,
            "source_json": null,
            "source_policy_documents": null,
            "statement": [
              {
                "actions": [
                  "s3:GetObject"
                ],
                "condition": [
                  {
                    "test": "StringEquals",
                    "values": [
                      "arn:aws:cloudfront::620752608815:distribution/E3F9RSSSBISGIK"
                    ],
                    "variable": "AWS:SourceArn"
                  }
                ],
                "effect": "Allow",
                "not_actions": [],
                "not_principals": [],
                "not_resources": [],
                "principals": [
                  {
                    "identifiers": [
                      "cloudfront.amazonaws.com"
                    ],
                    "type": "Service"
                  }
                ],
                "resources": [
                  "arn:aws:s3:::static-cloud-resume-website/*"
                ],
                "sid": "AllowCloudFrontServicePrincipalReadOnly"
              }
            ],
            "version": "2012-10-17"
          },
          "sensitive_attributes": [],
          "identity_schema_version": 0
        }
      ]
    },
    {
      "mode": "managed",
      "type": "aws_cloudfront_distribution",
      "name": "resume_distribution",
      "provider": "provider[\"registry.terraform.io/hashicorp/aws\"]",
      "instances": [
        {
          "schema_version": 1,
          "attributes": {
            "aliases": null,
            "arn": "arn:aws:cloudfront::620752608815:distribution/E3F9RSSSBISGIK",
            "caller_reference": "terraform-20251114033217831300000001",
            "comment": "Cloud Resume Distribution",
            "continuous_deployment_policy_id": "",
            "custom_error_response": [],
            "default_cache_behavior": [
              {
                "allowed_methods": [
                  "GET",
                  "HEAD"
                ],
                "cache_policy_id": "",
                "cached_methods": [
                  "GET",
                  "HEAD"
                ],
                "compress": false,
                "default_ttl": 0,
                "field_level_encryption_id": "",
                "forwarded_values": [
                  {
                    "cookies": [
                      {
                        "forward": "none",
                        "whitelisted_names": []
                      }
                    ],
                    "headers": [],
                    "query_string": false,
                    "query_string_cache_keys": []
                  }
                ],
                "function_association": [],
                "grpc_config": [
                  {
                    "enabled": false
                  }
                ],
                "lambda_function_association": [],
                "max_ttl": 0,
                "min_ttl": 0,
                "origin_request_policy_id": "",
                "realtime_log_config_arn": "",
                "response_headers_policy_id": "",
                "smooth_streaming": false,
                "target_origin_id": "myS3Origin",
                "trusted_key_groups": [],
                "trusted_signers": [],
                "viewer_protocol_policy": "allow-all"
              }
            ],
            "default_root_object": "index.html",
            "domain_name": "d1a877jq99wcdu.cloudfront.net",
            "enabled": true,
            "etag": "E1D6E4G0IX4WB0",
            "hosted_zone_id": "Z2FDTNDATAQYW2",
            "http_version": "http2",
            "id": "E3F9RSSSBISGIK",
            "in_progress_validation_batches": 0,
            "is_ipv6_enabled": true,
            "last_modified_time": "2025-11-14 03:32:12.336 +0000 UTC",
            "logging_config": [],
            "ordered_cache_behavior": [],
            "origin": [
              {
                "connection_attempts": 3,
                "connection_timeout": 10,
                "custom_header": [],
                "custom_origin_config": [],
                "domain_name": "static-cloud-resume-website.s3.us-west-1.amazonaws.com",
                "origin_access_control_id": "E14YIRUQ42YRMX",
                "origin_id": "myS3Origin",
                "origin_path": "",
                "origin_shield": [],
                "s3_origin_config": [],
                "vpc_origin_config": []
              }
            ],
            "origin_group": [],
            "price_class": "PriceClass_100",
            "restrictions": [
              {
                "geo_restriction": [
                  {
                    "locations": [],
                    "restriction_type": "none"
                  }
                ]
              }
            ],
            "retain_on_delete": false,
            "staging": false,
            "status": "Deployed",
            "tags": null,
            "tags_all": {},
            "trusted_key_groups": [
              {
                "enabled": false,
                "items": []
              }
            ],
            "trusted_signers": [
              {
                "enabled": false,
                "items": []
              }
            ],
            "viewer_certificate": [
              {
                "acm_certificate_arn": "",
                "cloudfront_default_certificate": true,
                "iam_certificate_id": "",
                "minimum_protocol_version": "TLSv1",
                "ssl_support_method": ""
              }
            ],
            "wait_for_deployment": true,
            "web_acl_id": ""
          },
          "sensitive_attributes": [],
          "identity_schema_version": 0,
          "private": "eyJzY2hlbWFfdmVyc2lvbiI6IjEifQ==",
          "dependencies": [
            "aws_cloudfront_origin_access_control.default",
            "aws_s3_bucket.s3_static_website_resume"
          ]
        }
      ]
    },
    {
      "mode": "managed",
      "type": "aws_cloudfront_origin_access_control",
      "name": "default",
      "provider": "provider[\"registry.terraform.io/hashicorp/aws\"]",
      "instances": [
        {
          "schema_version": 0,
          "attributes": {
            "arn": "arn:aws:cloudfront::620752608815:origin-access-control/E14YIRUQ42YRMX",
            "description": "Managed by Terraform",
            "etag": "ETVPDKIKX0DER",
            "id": "E14YIRUQ42YRMX",
            "name": "default-oac",
            "origin_access_control_origin_type": "s3",
            "signing_behavior": "always",
            "signing_protocol": "sigv4"
          },
          "sensitive_attributes": [],
          "identity_schema_version": 0,
          "private": "bnVsbA=="
        }
      ]
    },
    {
      "mode": "managed",
      "type": "aws_s3_bucket",
      "name": "s3_static_website_resume",
      "provider": "provider[\"registry.terraform.io/hashicorp/aws\"]",
      "instances": [
        {
          "schema_version": 0,
          "attributes": {
            "acceleration_status": "",
            "acl": null,
            "arn": "arn:aws:s3:::static-cloud-resume-website",
            "bucket": "static-cloud-resume-website",
            "bucket_domain_name": "static-cloud-resume-website.s3.amazonaws.com",
            "bucket_prefix": "",
            "bucket_regional_domain_name": "static-cloud-resume-website.s3.us-west-1.amazonaws.com",
            "cors_rule": [],
            "force_destroy": false,
            "grant": [
              {
                "id": "b5840d42d5d33f0d7787e27fd569295774f37eab3523fa6c6bfcf5e2b7e11ff1",
                "permissions": [
                  "FULL_CONTROL"
                ],
                "type": "CanonicalUser",
                "uri": ""
              }
            ],
            "hosted_zone_id": "Z2F56UZL2M1ACD",
            "id": "static-cloud-resume-website",
            "lifecycle_rule": [],
            "logging": [],
            "object_lock_configuration": [],
            "object_lock_enabled": false,
            "policy": "",
            "region": "us-west-1",
            "replication_configuration": [],
            "request_payer": "BucketOwner",
            "server_side_encryption_configuration": [
              {
                "rule": [
                  {
                    "apply_server_side_encryption_by_default": [
                      {
                        "kms_master_key_id": "",
                        "sse_algorithm": "AES256"
                      }
                    ],
                    "bucket_key_enabled": false
                  }
                ]
              }
            ],
            "tags": {
              "name": "Cloud Resume Challenge"
            },
            "tags_all": {
              "name": "Cloud Resume Challenge"
            },
            "timeouts": null,
            "versioning": [
              {
                "enabled": false,
                "mfa_delete": false
              }
            ],
            "website": [],
            "website_domain": null,
            "website_endpoint": null
          },
          "sensitive_attributes": [],
          "identity_schema_version": 0,
          "private": "eyJlMmJmYjczMC1lY2FhLTExZTYtOGY4OC0zNDM2M2JjN2M0YzAiOnsiY3JlYXRlIjoxMjAwMDAwMDAwMDAwLCJkZWxldGUiOjM2MDAwMDAwMDAwMDAsInJlYWQiOjEyMDAwMDAwMDAwMDAsInVwZGF0ZSI6MTIwMDAwMDAwMDAwMH19"
        }
      ]
    },
    {
      "mode": "managed",
      "type": "aws_s3_bucket_policy",
      "name": "origin_bucket_policy",
      "provider": "provider[\"registry.terraform.io/hashicorp/aws\"]",
      "instances": [
        {
          "schema_version": 0,
          "attributes": {
            "bucket": "static-cloud-resume-website",
            "id": "static-cloud-resume-website",
            "policy": "{\"Statement\":[{\"Action\":\"s3:GetObject\",\"Condition\":{\"StringEquals\":{\"AWS:SourceArn\":\"arn:aws:cloudfront::620752608815:distribution/E3F9RSSSBISGIK\"}},\"Effect\":\"Allow\",\"Principal\":{\"Service\":\"cloudfront.amazonaws.com\"},\"Resource\":\"arn:aws:s3:::static-cloud-resume-website/*\",\"Sid\":\"AllowCloudFrontServicePrincipalReadOnly\"}],\"Version\":\"2012-10-17\"}"
          },
          "sensitive_attributes": [],
          "identity_schema_version": 0,
          "private": "bnVsbA==",
          "dependencies": [
            "aws_cloudfront_distribution.resume_distribution",
            "aws_cloudfront_origin_access_control.default",
            "aws_s3_bucket.s3_static_website_resume",
            "data.aws_iam_policy_document.origin_bucket_policy"
          ]
        }
      ]
    },
    {
      "mode": "managed",
      "type": "aws_s3_object",
      "name": "resume_website",
      "provider": "provider[\"registry.terraform.io/hashicorp/aws\"]",
      "instances": [
        {
          "index_key": "error.html",
          "schema_version": 0,
          "attributes": {
            "acl": null,
            "arn": "arn:aws:s3:::static-cloud-resume-website/error.html",
            "bucket": "static-cloud-resume-website",
            "bucket_key_enabled": false,
            "cache_control": "",
            "checksum_algorithm": null,
            "checksum_crc32": "",
            "checksum_crc32c": "",
            "checksum_crc64nvme": "",
            "checksum_sha1": "",
            "checksum_sha256": "",
            "content": null,
            "content_base64": null,
            "content_disposition": "",
            "content_encoding": "",
            "content_language": "",
            "content_type": "application/octet-stream",
            "etag": "9000ee4f9894be503fa3812cf1eae81c",
            "force_destroy": false,
            "id": "error.html",
            "key": "error.html",
            "kms_key_id": null,
            "metadata": null,
            "object_lock_legal_hold_status": "",
            "object_lock_mode": "",
            "object_lock_retain_until_date": "",
            "override_provider": [],
            "server_side_encryption": "AES256",
            "source": "./../website/error.html",
            "source_hash": null,
            "storage_class": "STANDARD",
            "tags": null,
            "tags_all": {},
            "version_id": "",
            "website_redirect": ""
          },
          "sensitive_attributes": [],
          "identity_schema_version": 0,
          "private": "bnVsbA==",
          "dependencies": [
            "aws_s3_bucket.s3_static_website_resume"
          ]
        },
        {
          "index_key": "images/AWS-CCP.png",
          "schema_version": 0,
          "attributes": {
            "acl": null,
            "arn": "arn:aws:s3:::static-cloud-resume-website/images/AWS-CCP.png",
            "bucket": "static-cloud-resume-website",
            "bucket_key_enabled": false,
            "cache_control": "",
            "checksum_algorithm": null,
            "checksum_crc32": "",
            "checksum_crc32c": "",
            "checksum_crc64nvme": "",
            "checksum_sha1": "",
            "checksum_sha256": "",
            "content": null,
            "content_base64": null,
            "content_disposition": "",
            "content_encoding": "",
            "content_language": "",
            "content_type": "application/octet-stream",
            "etag": "c190a0e97604e9966e161403be2e18d8",
            "force_destroy": false,
            "id": "images/AWS-CCP.png",
            "key": "images/AWS-CCP.png",
            "kms_key_id": null,
            "metadata": null,
            "object_lock_legal_hold_status": "",
            "object_lock_mode": "",
            "object_lock_retain_until_date": "",
            "override_provider": [],
            "server_side_encryption": "AES256",
            "source": "./../website/images/AWS-CCP.png",
            "source_hash": null,
            "storage_class": "STANDARD",
            "tags": null,
            "tags_all": {},
            "version_id": "",
            "website_redirect": ""
          },
          "sensitive_attributes": [],
          "identity_schema_version": 0,
          "private": "bnVsbA==",
          "dependencies": [
            "aws_s3_bucket.s3_static_website_resume"
          ]
        },
        {
          "index_key": "images/face.jpg",
          "schema_version": 0,
          "attributes": {
            "acl": null,
            "arn": "arn:aws:s3:::static-cloud-resume-website/images/face.jpg",
            "bucket": "static-cloud-resume-website",
            "bucket_key_enabled": false,
            "cache_control": "",
            "checksum_algorithm": null,
            "checksum_crc32": "",
            "checksum_crc32c": "",
            "checksum_crc64nvme": "",
            "checksum_sha1": "",
            "checksum_sha256": "",
            "content": null,
            "content_base64": null,
            "content_disposition": "",
            "content_encoding": "",
            "content_language": "",
            "content_type": "application/octet-stream",
            "etag": "20deccd49276a1169c878844311e0607",
            "force_destroy": false,
            "id": "images/face.jpg",
            "key": "images/face.jpg",
            "kms_key_id": null,
            "metadata": null,
            "object_lock_legal_hold_status": "",
            "object_lock_mode": "",
            "object_lock_retain_until_date": "",
            "override_provider": [],
            "server_side_encryption": "AES256",
            "source": "./../website/images/face.jpg",
            "source_hash": null,
            "storage_class": "STANDARD",
            "tags": null,
            "tags_all": {},
            "version_id": "",
            "website_redirect": ""
          },
          "sensitive_attributes": [],
          "identity_schema_version": 0,
          "private": "bnVsbA==",
          "dependencies": [
            "aws_s3_bucket.s3_static_website_resume"
          ]
        },
        {
          "index_key": "images/gmu.jpg",
          "schema_version": 0,
          "attributes": {
            "acl": null,
            "arn": "arn:aws:s3:::static-cloud-resume-website/images/gmu.jpg",
            "bucket": "static-cloud-resume-website",
            "bucket_key_enabled": false,
            "cache_control": "",
            "checksum_algorithm": null,
            "checksum_crc32": "",
            "checksum_crc32c": "",
            "checksum_crc64nvme": "",
            "checksum_sha1": "",
            "checksum_sha256": "",
            "content": null,
            "content_base64": null,
            "content_disposition": "",
            "content_encoding": "",
            "content_language": "",
            "content_type": "application/octet-stream",
            "etag": "cd98a8047dad9d393d173d4ddc94dc84",
            "force_destroy": false,
            "id": "images/gmu.jpg",
            "key": "images/gmu.jpg",
            "kms_key_id": null,
            "metadata": null,
            "object_lock_legal_hold_status": "",
            "object_lock_mode": "",
            "object_lock_retain_until_date": "",
            "override_provider": [],
            "server_side_encryption": "AES256",
            "source": "./../website/images/gmu.jpg",
            "source_hash": null,
            "storage_class": "STANDARD",
            "tags": null,
            "tags_all": {},
            "version_id": "",
            "website_redirect": ""
          },
          "sensitive_attributes": [],
          "identity_schema_version": 0,
          "private": "bnVsbA==",
          "dependencies": [
            "aws_s3_bucket.s3_static_website_resume"
          ]
        },
        {
          "index_key": "images/nova_logo.png",
          "schema_version": 0,
          "attributes": {
            "acl": null,
            "arn": "arn:aws:s3:::static-cloud-resume-website/images/nova_logo.png",
            "bucket": "static-cloud-resume-website",
            "bucket_key_enabled": false,
            "cache_control": "",
            "checksum_algorithm": null,
            "checksum_crc32": "",
            "checksum_crc32c": "",
            "checksum_crc64nvme": "",
            "checksum_sha1": "",
            "checksum_sha256": "",
            "content": null,
            "content_base64": null,
            "content_disposition": "",
            "content_encoding": "",
            "content_language": "",
            "content_type": "application/octet-stream",
            "etag": "c9cfdf5f66bc04dc5a85ad64500b6c78",
            "force_destroy": false,
            "id": "images/nova_logo.png",
            "key": "images/nova_logo.png",
            "kms_key_id": null,
            "metadata": null,
            "object_lock_legal_hold_status": "",
            "object_lock_mode": "",
            "object_lock_retain_until_date": "",
            "override_provider": [],
            "server_side_encryption": "AES256",
            "source": "./../website/images/nova_logo.png",
            "source_hash": null,
            "storage_class": "STANDARD",
            "tags": null,
            "tags_all": {},
            "version_id": "",
            "website_redirect": ""
          },
          "sensitive_attributes": [],
          "identity_schema_version": 0,
          "private": "bnVsbA==",
          "dependencies": [
            "aws_s3_bucket.s3_static_website_resume"
          ]
        },
        {
          "index_key": "index.html",
          "schema_version": 0,
          "attributes": {
            "acl": null,
            "arn": "arn:aws:s3:::static-cloud-resume-website/index.html",
            "bucket": "static-cloud-resume-website",
            "bucket_key_enabled": false,
            "cache_control": "",
            "checksum_algorithm": null,
            "checksum_crc32": "",
            "checksum_crc32c": "",
            "checksum_crc64nvme": "",
            "checksum_sha1": "",
            "checksum_sha256": "",
            "content": null,
            "content_base64": null,
            "content_disposition": "",
            "content_encoding": "",
            "content_language": "",
            "content_type": "application/octet-stream",
            "etag": "4a2b79d003fb94f47027ba019dd8857a",
            "force_destroy": false,
            "id": "index.html",
            "key": "index.html",
            "kms_key_id": null,
            "metadata": null,
            "object_lock_legal_hold_status": "",
            "object_lock_mode": "",
            "object_lock_retain_until_date": "",
            "override_provider": [],
            "server_side_encryption": "AES256",
            "source": "./../website/index.html",
            "source_hash": null,
            "storage_class": "STANDARD",
            "tags": null,
            "tags_all": {},
            "version_id": "",
            "website_redirect": ""
          },
          "sensitive_attributes": [],
          "identity_schema_version": 0,
          "private": "bnVsbA==",
          "dependencies": [
            "aws_s3_bucket.s3_static_website_resume"
          ]
        },
        {
          "index_key": "index.js",
          "schema_version": 0,
          "attributes": {
            "acl": null,
            "arn": "arn:aws:s3:::static-cloud-resume-website/index.js",
            "bucket": "static-cloud-resume-website",
            "bucket_key_enabled": false,
            "cache_control": "",
            "checksum_algorithm": null,
            "checksum_crc32": "",
            "checksum_crc32c": "",
            "checksum_crc64nvme": "",
            "checksum_sha1": "",
            "checksum_sha256": "",
            "content": null,
            "content_base64": null,
            "content_disposition": "",
            "content_encoding": "",
            "content_language": "",
            "content_type": "application/octet-stream",
            "etag": "f7fd1ac8b59ed29b4a28d28e2f30c5d3",
            "force_destroy": false,
            "id": "index.js",
            "key": "index.js",
            "kms_key_id": null,
            "metadata": null,
            "object_lock_legal_hold_status": "",
            "object_lock_mode": "",
            "object_lock_retain_until_date": "",
            "override_provider": [],
            "server_side_encryption": "AES256",
            "source": "./../website/index.js",
            "source_hash": null,
            "storage_class": "STANDARD",
            "tags": null,
            "tags_all": {},
            "version_id": "",
            "website_redirect": ""
          },
          "sensitive_attributes": [],
          "identity_schema_version": 0,
          "private": "bnVsbA==",
          "dependencies": [
            "aws_s3_bucket.s3_static_website_resume"
          ]
        },
        {
          "index_key": "style.css",
          "schema_version": 0,
          "attributes": {
            "acl": null,
            "arn": "arn:aws:s3:::static-cloud-resume-website/style.css",
            "bucket": "static-cloud-resume-website",
            "bucket_key_enabled": false,
            "cache_control": "",
            "checksum_algorithm": null,
            "checksum_crc32": "",
            "checksum_crc32c": "",
            "checksum_crc64nvme": "",
            "checksum_sha1": "",
            "checksum_sha256": "",
            "content": null,
            "content_base64": null,
            "content_disposition": "",
            "content_encoding": "",
            "content_language": "",
            "content_type": "application/octet-stream",
            "etag": "d58e8664a22df0d8f5c493943f74b763",
            "force_destroy": false,
            "id": "style.css",
            "key": "style.css",
            "kms_key_id": null,
            "metadata": null,
            "object_lock_legal_hold_status": "",
            "object_lock_mode": "",
            "object_lock_retain_until_date": "",
            "override_provider": [],
            "server_side_encryption": "AES256",
            "source": "./../website/style.css",
            "source_hash": null,
            "storage_class": "STANDARD",
            "tags": null,
            "tags_all": {},
            "version_id": "",
            "website_redirect": ""
          },
          "sensitive_attributes": [],
          "identity_schema_version": 0,
          "private": "bnVsbA==",
          "dependencies": [
            "aws_s3_bucket.s3_static_website_resume"
          ]
        }
      ]
    }
  ],
  "check_results": null
}
